github.com/Djarvur/go-aescrypt v0.0.1 h1:128e2GcuyxFl8R9BTTqPI121R9nGodUn9HAIUhDA4/c=
github.com/Djarvur/go-aescrypt v0.0.1/go.mod h1:9CLZuJ8/CaUml9IQVdDmEvsEKbgFSQG1DWocLACmW0s=
github.com/pierrec/lz4 v2.0.5+incompatible h1:2xWsjqPFWcplujydGg4WmhC/6fZqK42wMM8aXeqhl0I=
github.com/pierrec/lz4 v2.0.5+incompatible/go.mod h1:pdkljMzZIN41W+lC3N2tnIh5sFi+IEE17M5jbnwPHcY=
github.com/pkg/errors v0.8.1 h1:iURUrRGxPUNPdy5/HRSm+Yj6okJ6UtLINN0Q9M4+h3I=
github.com/pkg/errors v0.8.1/go.mod h1:bwawxfHBFNV+L2hUp1rHADufV3IMtnDRdf1r5NINEl0=
