github.com/Djarvur/go-aescrypt v0.1.0 h1:EISRi2uPA2Zs1IHgF0Xvzce25lQdVO4AYFZ6LlE1YIE=
github.com/Djarvur/go-aescrypt v0.1.0/go.mod h1:Fn4RHc4qOmgpzLAgFWms4aqDAUQe/BQAb0EFI4zQUv0=
github.com/pierrec/lz4 v2.0.5+incompatible h1:2xWsjqPFWcplujydGg4WmhC/6fZqK42wMM8aXeqhl0I=
github.com/pierrec/lz4 v2.0.5+incompatible/go.mod h1:pdkljMzZIN41W+lC3N2tnIh5sFi+IEE17M5jbnwPHcY=
